
Microsoft Visual Studio Solution File, Format Version 12.00
# Visual Studio Version 17
VisualStudioVersion = 17.6.33829.357
MinimumVisualStudioVersion = 10.0.40219.1
Project("{FAE04EC0-301F-11D3-BF4B-00C04F79EFBC}") = "BillingEngine1_Phase1", "BillingEngine1_Phase1\BillingEngine1_Phase1.csproj", "{B4AEF4A1-0468-4FEC-AC45-FA7AF1FA2073}"
EndProject
Global
	GlobalSection(SolutionConfigurationPlatforms) = preSolution
		Debug|Any CPU = Debug|Any CPU
		Release|Any CPU = Release|Any CPU
	EndGlobalSection
	GlobalSection(ProjectConfigurationPlatforms) = postSolution
		{B4AEF4A1-0468-4FEC-AC45-FA7AF1FA2073}.Debug|Any CPU.ActiveCfg = Debug|Any CPU
		{B4AEF4A1-0468-4FEC-AC45-FA7AF1FA2073}.Debug|Any CPU.Build.0 = Debug|Any CPU
		{B4AEF4A1-0468-4FEC-AC45-FA7AF1FA2073}.Release|Any CPU.ActiveCfg = Release|Any CPU
		{B4AEF4A1-0468-4FEC-AC45-FA7AF1FA2073}.Release|Any CPU.Build.0 = Release|Any CPU
	EndGlobalSection
	GlobalSection(SolutionProperties) = preSolution
		HideSolutionNode = FALSE
	EndGlobalSection
	GlobalSection(ExtensibilityGlobals) = postSolution
		SolutionGuid = {8790BC04-DD22-4472-98E2-7B78D91DB3CE}
	EndGlobalSection
EndGlobal
